
Microsoft Visual Studio Solution File, Format Version 12.00
# Visual Studio 15
Project("{FAE04EC0-301F-11D3-BF4B-00C04F79EFBC}") = "Unity.Services.Core.Telemetry", "Unity.Services.Core.Telemetry.csproj", "{10367A06-78B0-B7BD-E94D-D529CFC0CAAA}"
EndProject
Project("{FAE04EC0-301F-11D3-BF4B-00C04F79EFBC}") = "UnityEngine.TestRunner", "UnityEngine.TestRunner.csproj", "{96F0F710-E399-1925-B9C1-ACED70805A0F}"
EndProject
Project("{FAE04EC0-301F-11D3-BF4B-00C04F79EFBC}") = "UnityEngine.UI", "UnityEngine.UI.csproj", "{561A8B4F-FD75-A3F1-AEB4-4BB21C22FF87}"
EndProject
Project("{FAE04EC0-301F-11D3-BF4B-00C04F79EFBC}") = "UnityEngine.XR.LegacyInputHelpers", "UnityEngine.XR.LegacyInputHelpers.csproj", "{249B9894-EB4D-0DDD-08B2-112291CEFBF3}"
EndProject
Project("{FAE04EC0-301F-11D3-BF4B-00C04F79EFBC}") = "Unity.Services.Core.Internal", "Unity.Services.Core.Internal.csproj", "{EE16E818-1F98-5EAB-15C6-2977ABB4DD1A}"
EndProject
Project("{FAE04EC0-301F-11D3-BF4B-00C04F79EFBC}") = "Unity.Timeline", "Unity.Timeline.csproj", "{B2970F2D-84F7-2CC4-369E-499DF396F408}"
EndProject
Project("{FAE04EC0-301F-11D3-BF4B-00C04F79EFBC}") = "UnityEngine.Purchasing.WinRTCore", "UnityEngine.Purchasing.WinRTCore.csproj", "{1EBDD50D-459D-7BD6-6A28-02BA92F2D0C7}"
EndProject
Project("{FAE04EC0-301F-11D3-BF4B-00C04F79EFBC}") = "UnityEngine.Monetization", "UnityEngine.Monetization.csproj", "{38BD07CE-61B6-1662-1630-1B20C1ED2009}"
EndProject
Project("{FAE04EC0-301F-11D3-BF4B-00C04F79EFBC}") = "UnityEngine.Purchasing.SecurityCore", "UnityEngine.Purchasing.SecurityCore.csproj", "{3FB7388A-0D6F-F2A6-1F12-2026F81449B3}"
EndProject
Project("{FAE04EC0-301F-11D3-BF4B-00C04F79EFBC}") = "Unity.TextMeshPro", "Unity.TextMeshPro.csproj", "{E3CAC2A8-A4A9-A5A7-4283-F1BBFE40FF0B}"
EndProject
Project("{FAE04EC0-301F-11D3-BF4B-00C04F79EFBC}") = "UnityEngine.Purchasing", "UnityEngine.Purchasing.csproj", "{F855E486-BFA7-4CBD-CC48-556C17C6C2B2}"
EndProject
Project("{FAE04EC0-301F-11D3-BF4B-00C04F79EFBC}") = "UnityEngine.Purchasing.AppleCore", "UnityEngine.Purchasing.AppleCore.csproj", "{AA43D09A-4F88-C291-99A6-F99BDB77B235}"
EndProject
Project("{FAE04EC0-301F-11D3-BF4B-00C04F79EFBC}") = "Unity.Services.Core.Environments.Internal", "Unity.Services.Core.Environments.Internal.csproj", "{75485AAB-A3B9-D4CA-E0F6-9F29ABFEF285}"
EndProject
Project("{FAE04EC0-301F-11D3-BF4B-00C04F79EFBC}") = "UnityEngine.Purchasing.Stores", "UnityEngine.Purchasing.Stores.csproj", "{D92B0A6B-A6F8-DD3F-EA52-0DD515D25201}"
EndProject
Project("{FAE04EC0-301F-11D3-BF4B-00C04F79EFBC}") = "UnityEngine.Advertisements", "UnityEngine.Advertisements.csproj", "{15B7E65D-684A-F29B-A60B-1D222B816DF6}"
EndProject
Project("{FAE04EC0-301F-11D3-BF4B-00C04F79EFBC}") = "Assembly-CSharp", "Assembly-CSharp.csproj", "{84077D3F-8527-99A1-BC0B-F60E6C9E7501}"
EndProject
Project("{FAE04EC0-301F-11D3-BF4B-00C04F79EFBC}") = "Unity.Services.Core.Configuration", "Unity.Services.Core.Configuration.csproj", "{E3321B80-C64A-382A-F4AD-2C87915DAED5}"
EndProject
Project("{FAE04EC0-301F-11D3-BF4B-00C04F79EFBC}") = "Unity.Services.Core", "Unity.Services.Core.csproj", "{087EE619-5A72-CCEB-47C8-5085E172183C}"
EndProject
Project("{FAE04EC0-301F-11D3-BF4B-00C04F79EFBC}") = "Unity.Services.Core.Environments", "Unity.Services.Core.Environments.csproj", "{5C35564E-2AFA-50C1-E7F8-B628C9F9D9D7}"
EndProject
Project("{FAE04EC0-301F-11D3-BF4B-00C04F79EFBC}") = "Unity.Services.Core.Networking", "Unity.Services.Core.Networking.csproj", "{BB62696D-DFCC-323E-1FF1-5A0564630391}"
EndProject
Project("{FAE04EC0-301F-11D3-BF4B-00C04F79EFBC}") = "UnityEngine.Purchasing.SecurityStub", "UnityEngine.Purchasing.SecurityStub.csproj", "{57A975ED-5676-5C2E-8BF1-5AFF27201375}"
EndProject
Project("{FAE04EC0-301F-11D3-BF4B-00C04F79EFBC}") = "Unity.Services.Core.Analytics", "Unity.Services.Core.Analytics.csproj", "{10C26B26-32A4-613C-04F9-F791A0EEE62A}"
EndProject
Project("{FAE04EC0-301F-11D3-BF4B-00C04F79EFBC}") = "Purchasing.Common", "Purchasing.Common.csproj", "{696B822F-C5F0-E9BD-0B59-6774185BC742}"
EndProject
Project("{FAE04EC0-301F-11D3-BF4B-00C04F79EFBC}") = "Unity.Services.Core.Scheduler", "Unity.Services.Core.Scheduler.csproj", "{9E1BDA36-9DB8-0105-BB66-B2C740A325B1}"
EndProject
Project("{FAE04EC0-301F-11D3-BF4B-00C04F79EFBC}") = "UnityEngine.Purchasing.Codeless", "UnityEngine.Purchasing.Codeless.csproj", "{AA78A2CA-3D96-BF41-271C-D3D2DD63458A}"
EndProject
Project("{FAE04EC0-301F-11D3-BF4B-00C04F79EFBC}") = "Unity.Services.Core.Registration", "Unity.Services.Core.Registration.csproj", "{9D947223-92B8-27B5-A8A6-36E055DF5857}"
EndProject
Project("{FAE04EC0-301F-11D3-BF4B-00C04F79EFBC}") = "Unity.Services.Core.Device", "Unity.Services.Core.Device.csproj", "{13D9D020-257E-D947-CF17-0FE61097EB2A}"
EndProject
Project("{FAE04EC0-301F-11D3-BF4B-00C04F79EFBC}") = "UnityEngine.Purchasing.WinRTStub", "UnityEngine.Purchasing.WinRTStub.csproj", "{327A4D8B-528B-4BC2-6726-5D71034DF0F6}"
EndProject
Project("{FAE04EC0-301F-11D3-BF4B-00C04F79EFBC}") = "Unity.Services.Core.Threading", "Unity.Services.Core.Threading.csproj", "{711AAC41-E376-B61A-6816-C95955FA8A1F}"
EndProject
Project("{FAE04EC0-301F-11D3-BF4B-00C04F79EFBC}") = "UnityEngine.Purchasing.AppleStub", "UnityEngine.Purchasing.AppleStub.csproj", "{B82B7D8C-1422-EF64-AD97-BA680DBB0199}"
EndProject
Project("{FAE04EC0-301F-11D3-BF4B-00C04F79EFBC}") = "UnityEngine.Purchasing.AppleMacosStub", "UnityEngine.Purchasing.AppleMacosStub.csproj", "{4A3C9CC5-D2E8-A144-2DD3-1D430E9FBA77}"
EndProject
Project("{FAE04EC0-301F-11D3-BF4B-00C04F79EFBC}") = "UnityEngine.SpatialTracking", "UnityEngine.SpatialTracking.csproj", "{EB42970E-974D-C3A6-D168-75A2C4521E38}"
EndProject
Project("{FAE04EC0-301F-11D3-BF4B-00C04F79EFBC}") = "Unity.Analytics.DataPrivacy", "Unity.Analytics.DataPrivacy.csproj", "{2861AB67-C5F9-C087-D6A1-70E174B7AA86}"
EndProject
Project("{FAE04EC0-301F-11D3-BF4B-00C04F79EFBC}") = "UnityEditor.TestRunner", "UnityEditor.TestRunner.csproj", "{04771258-0BDA-E598-8D62-13D1E723E5A4}"
EndProject
Project("{FAE04EC0-301F-11D3-BF4B-00C04F79EFBC}") = "Unity.PlasticSCM.Editor", "Unity.PlasticSCM.Editor.csproj", "{BEA95A01-0F4F-4ED3-8EAC-F115A790C7B3}"
EndProject
Project("{FAE04EC0-301F-11D3-BF4B-00C04F79EFBC}") = "UnityEditor.UI", "UnityEditor.UI.csproj", "{2F713D90-2A61-ADF5-6355-1B6FB63D0C0B}"
EndProject
Project("{FAE04EC0-301F-11D3-BF4B-00C04F79EFBC}") = "Unity.Timeline.Editor", "Unity.Timeline.Editor.csproj", "{D912A549-C58E-3D37-DDB9-B285AE9F97D6}"
EndProject
Project("{FAE04EC0-301F-11D3-BF4B-00C04F79EFBC}") = "Unity.VisualStudio.Editor", "Unity.VisualStudio.Editor.csproj", "{2EC8A827-D004-6DCC-22A4-31384DDD817E}"
EndProject
Project("{FAE04EC0-301F-11D3-BF4B-00C04F79EFBC}") = "UnityEngine.Advertisements.Editor", "UnityEngine.Advertisements.Editor.csproj", "{95BBCBF5-E4B8-F8E3-856F-AF7C095D9BD1}"
EndProject
Project("{FAE04EC0-301F-11D3-BF4B-00C04F79EFBC}") = "Unity.TextMeshPro.Editor", "Unity.TextMeshPro.Editor.csproj", "{515FF251-664C-552B-2864-E8CC52FDA06C}"
EndProject
Project("{FAE04EC0-301F-11D3-BF4B-00C04F79EFBC}") = "Unity.CollabProxy.Editor", "Unity.CollabProxy.Editor.csproj", "{DB61B5AF-5648-2F24-E9FC-FABFC17330E3}"
EndProject
Project("{FAE04EC0-301F-11D3-BF4B-00C04F79EFBC}") = "Unity.2D.Tilemap.Editor", "Unity.2D.Tilemap.Editor.csproj", "{BB2327C8-FA83-9A79-2CA7-24733455C780}"
EndProject
Project("{FAE04EC0-301F-11D3-BF4B-00C04F79EFBC}") = "UnityEditor.Purchasing", "UnityEditor.Purchasing.csproj", "{E05489EA-8815-4FC3-BA37-B955B50B3EAD}"
EndProject
Project("{FAE04EC0-301F-11D3-BF4B-00C04F79EFBC}") = "Unity.Services.Core.Editor", "Unity.Services.Core.Editor.csproj", "{7EBFB572-C687-C63B-CA1C-3FF8B057A5CA}"
EndProject
Project("{FAE04EC0-301F-11D3-BF4B-00C04F79EFBC}") = "Unity.Rider.Editor", "Unity.Rider.Editor.csproj", "{32BAA695-DB4A-887D-5581-5DADF91FC0D0}"
EndProject
Project("{FAE04EC0-301F-11D3-BF4B-00C04F79EFBC}") = "Unity.2D.Sprite.Editor", "Unity.2D.Sprite.Editor.csproj", "{9EE076FE-7712-AC9F-EA47-F5B3DA8FFD17}"
EndProject
Project("{FAE04EC0-301F-11D3-BF4B-00C04F79EFBC}") = "UnityEngine.Advertisements.DevX.Editor", "UnityEngine.Advertisements.DevX.Editor.csproj", "{72F26FE8-1ACC-3DCF-55D6-372B068AD209}"
EndProject
Project("{FAE04EC0-301F-11D3-BF4B-00C04F79EFBC}") = "UnityEditor.XR.LegacyInputHelpers", "UnityEditor.XR.LegacyInputHelpers.csproj", "{0817DC7A-C345-70B8-BBF9-5C15314AC670}"
EndProject
Project("{FAE04EC0-301F-11D3-BF4B-00C04F79EFBC}") = "Unity.VSCode.Editor", "Unity.VSCode.Editor.csproj", "{A49C0049-B448-E478-1CDF-43EEB7F58F48}"
EndProject
Project("{FAE04EC0-301F-11D3-BF4B-00C04F79EFBC}") = "Unity.Services.Core.Configuration.Editor", "Unity.Services.Core.Configuration.Editor.csproj", "{9BBACDCE-F230-464E-5971-B388DF8D2DE4}"
EndProject
Project("{FAE04EC0-301F-11D3-BF4B-00C04F79EFBC}") = "UnityEditor.SpatialTracking", "UnityEditor.SpatialTracking.csproj", "{12C02427-9D5F-7110-AD7E-1593DE02A72C}"
EndProject
Project("{FAE04EC0-301F-11D3-BF4B-00C04F79EFBC}") = "Analytics", "Analytics.csproj", "{2A0B60DC-B50E-E125-49B9-0A8C33E8DCA3}"
EndProject
Global
	GlobalSection(SolutionConfigurationPlatforms) = preSolution
		Debug|Any CPU = Debug|Any CPU
		Release|Any CPU = Release|Any CPU
	EndGlobalSection
	GlobalSection(ProjectConfigurationPlatforms) = postSolution
		{10367A06-78B0-B7BD-E94D-D529CFC0CAAA}.Debug|Any CPU.ActiveCfg = Debug|Any CPU
		{10367A06-78B0-B7BD-E94D-D529CFC0CAAA}.Debug|Any CPU.Build.0 = Debug|Any CPU
		{10367A06-78B0-B7BD-E94D-D529CFC0CAAA}.Release|Any CPU.ActiveCfg = Release|Any CPU
		{10367A06-78B0-B7BD-E94D-D529CFC0CAAA}.Release|Any CPU.Build.0 = Release|Any CPU
		{96F0F710-E399-1925-B9C1-ACED70805A0F}.Debug|Any CPU.ActiveCfg = Debug|Any CPU
		{96F0F710-E399-1925-B9C1-ACED70805A0F}.Debug|Any CPU.Build.0 = Debug|Any CPU
		{96F0F710-E399-1925-B9C1-ACED70805A0F}.Release|Any CPU.ActiveCfg = Release|Any CPU
		{96F0F710-E399-1925-B9C1-ACED70805A0F}.Release|Any CPU.Build.0 = Release|Any CPU
		{561A8B4F-FD75-A3F1-AEB4-4BB21C22FF87}.Debug|Any CPU.ActiveCfg = Debug|Any CPU
		{561A8B4F-FD75-A3F1-AEB4-4BB21C22FF87}.Debug|Any CPU.Build.0 = Debug|Any CPU
		{561A8B4F-FD75-A3F1-AEB4-4BB21C22FF87}.Release|Any CPU.ActiveCfg = Release|Any CPU
		{561A8B4F-FD75-A3F1-AEB4-4BB21C22FF87}.Release|Any CPU.Build.0 = Release|Any CPU
		{249B9894-EB4D-0DDD-08B2-112291CEFBF3}.Debug|Any CPU.ActiveCfg = Debug|Any CPU
		{249B9894-EB4D-0DDD-08B2-112291CEFBF3}.Debug|Any CPU.Build.0 = Debug|Any CPU
		{249B9894-EB4D-0DDD-08B2-112291CEFBF3}.Release|Any CPU.ActiveCfg = Release|Any CPU
		{249B9894-EB4D-0DDD-08B2-112291CEFBF3}.Release|Any CPU.Build.0 = Release|Any CPU
		{EE16E818-1F98-5EAB-15C6-2977ABB4DD1A}.Debug|Any CPU.ActiveCfg = Debug|Any CPU
		{EE16E818-1F98-5EAB-15C6-2977ABB4DD1A}.Debug|Any CPU.Build.0 = Debug|Any CPU
		{EE16E818-1F98-5EAB-15C6-2977ABB4DD1A}.Release|Any CPU.ActiveCfg = Release|Any CPU
		{EE16E818-1F98-5EAB-15C6-2977ABB4DD1A}.Release|Any CPU.Build.0 = Release|Any CPU
		{B2970F2D-84F7-2CC4-369E-499DF396F408}.Debug|Any CPU.ActiveCfg = Debug|Any CPU
		{B2970F2D-84F7-2CC4-369E-499DF396F408}.Debug|Any CPU.Build.0 = Debug|Any CPU
		{B2970F2D-84F7-2CC4-369E-499DF396F408}.Release|Any CPU.ActiveCfg = Release|Any CPU
		{B2970F2D-84F7-2CC4-369E-499DF396F408}.Release|Any CPU.Build.0 = Release|Any CPU
		{1EBDD50D-459D-7BD6-6A28-02BA92F2D0C7}.Debug|Any CPU.ActiveCfg = Debug|Any CPU
		{1EBDD50D-459D-7BD6-6A28-02BA92F2D0C7}.Debug|Any CPU.Build.0 = Debug|Any CPU
		{1EBDD50D-459D-7BD6-6A28-02BA92F2D0C7}.Release|Any CPU.ActiveCfg = Release|Any CPU
		{1EBDD50D-459D-7BD6-6A28-02BA92F2D0C7}.Release|Any CPU.Build.0 = Release|Any CPU
		{38BD07CE-61B6-1662-1630-1B20C1ED2009}.Debug|Any CPU.ActiveCfg = Debug|Any CPU
		{38BD07CE-61B6-1662-1630-1B20C1ED2009}.Debug|Any CPU.Build.0 = Debug|Any CPU
		{38BD07CE-61B6-1662-1630-1B20C1ED2009}.Release|Any CPU.ActiveCfg = Release|Any CPU
		{38BD07CE-61B6-1662-1630-1B20C1ED2009}.Release|Any CPU.Build.0 = Release|Any CPU
		{3FB7388A-0D6F-F2A6-1F12-2026F81449B3}.Debug|Any CPU.ActiveCfg = Debug|Any CPU
		{3FB7388A-0D6F-F2A6-1F12-2026F81449B3}.Debug|Any CPU.Build.0 = Debug|Any CPU
		{3FB7388A-0D6F-F2A6-1F12-2026F81449B3}.Release|Any CPU.ActiveCfg = Release|Any CPU
		{3FB7388A-0D6F-F2A6-1F12-2026F81449B3}.Release|Any CPU.Build.0 = Release|Any CPU
		{E3CAC2A8-A4A9-A5A7-4283-F1BBFE40FF0B}.Debug|Any CPU.ActiveCfg = Debug|Any CPU
		{E3CAC2A8-A4A9-A5A7-4283-F1BBFE40FF0B}.Debug|Any CPU.Build.0 = Debug|Any CPU
		{E3CAC2A8-A4A9-A5A7-4283-F1BBFE40FF0B}.Release|Any CPU.ActiveCfg = Release|Any CPU
		{E3CAC2A8-A4A9-A5A7-4283-F1BBFE40FF0B}.Release|Any CPU.Build.0 = Release|Any CPU
		{F855E486-BFA7-4CBD-CC48-556C17C6C2B2}.Debug|Any CPU.ActiveCfg = Debug|Any CPU
		{F855E486-BFA7-4CBD-CC48-556C17C6C2B2}.Debug|Any CPU.Build.0 = Debug|Any CPU
		{F855E486-BFA7-4CBD-CC48-556C17C6C2B2}.Release|Any CPU.ActiveCfg = Release|Any CPU
		{F855E486-BFA7-4CBD-CC48-556C17C6C2B2}.Release|Any CPU.Build.0 = Release|Any CPU
		{AA43D09A-4F88-C291-99A6-F99BDB77B235}.Debug|Any CPU.ActiveCfg = Debug|Any CPU
		{AA43D09A-4F88-C291-99A6-F99BDB77B235}.Debug|Any CPU.Build.0 = Debug|Any CPU
		{AA43D09A-4F88-C291-99A6-F99BDB77B235}.Release|Any CPU.ActiveCfg = Release|Any CPU
		{AA43D09A-4F88-C291-99A6-F99BDB77B235}.Release|Any CPU.Build.0 = Release|Any CPU
		{75485AAB-A3B9-D4CA-E0F6-9F29ABFEF285}.Debug|Any CPU.ActiveCfg = Debug|Any CPU
		{75485AAB-A3B9-D4CA-E0F6-9F29ABFEF285}.Debug|Any CPU.Build.0 = Debug|Any CPU
		{75485AAB-A3B9-D4CA-E0F6-9F29ABFEF285}.Release|Any CPU.ActiveCfg = Release|Any CPU
		{75485AAB-A3B9-D4CA-E0F6-9F29ABFEF285}.Release|Any CPU.Build.0 = Release|Any CPU
		{D92B0A6B-A6F8-DD3F-EA52-0DD515D25201}.Debug|Any CPU.ActiveCfg = Debug|Any CPU
		{D92B0A6B-A6F8-DD3F-EA52-0DD515D25201}.Debug|Any CPU.Build.0 = Debug|Any CPU
		{D92B0A6B-A6F8-DD3F-EA52-0DD515D25201}.Release|Any CPU.ActiveCfg = Release|Any CPU
		{D92B0A6B-A6F8-DD3F-EA52-0DD515D25201}.Release|Any CPU.Build.0 = Release|Any CPU
		{15B7E65D-684A-F29B-A60B-1D222B816DF6}.Debug|Any CPU.ActiveCfg = Debug|Any CPU
		{15B7E65D-684A-F29B-A60B-1D222B816DF6}.Debug|Any CPU.Build.0 = Debug|Any CPU
		{15B7E65D-684A-F29B-A60B-1D222B816DF6}.Release|Any CPU.ActiveCfg = Release|Any CPU
		{15B7E65D-684A-F29B-A60B-1D222B816DF6}.Release|Any CPU.Build.0 = Release|Any CPU
		{84077D3F-8527-99A1-BC0B-F60E6C9E7501}.Debug|Any CPU.ActiveCfg = Debug|Any CPU
		{84077D3F-8527-99A1-BC0B-F60E6C9E7501}.Debug|Any CPU.Build.0 = Debug|Any CPU
		{84077D3F-8527-99A1-BC0B-F60E6C9E7501}.Release|Any CPU.ActiveCfg = Release|Any CPU
		{84077D3F-8527-99A1-BC0B-F60E6C9E7501}.Release|Any CPU.Build.0 = Release|Any CPU
		{E3321B80-C64A-382A-F4AD-2C87915DAED5}.Debug|Any CPU.ActiveCfg = Debug|Any CPU
		{E3321B80-C64A-382A-F4AD-2C87915DAED5}.Debug|Any CPU.Build.0 = Debug|Any CPU
		{E3321B80-C64A-382A-F4AD-2C87915DAED5}.Release|Any CPU.ActiveCfg = Release|Any CPU
		{E3321B80-C64A-382A-F4AD-2C87915DAED5}.Release|Any CPU.Build.0 = Release|Any CPU
		{087EE619-5A72-CCEB-47C8-5085E172183C}.Debug|Any CPU.ActiveCfg = Debug|Any CPU
		{087EE619-5A72-CCEB-47C8-5085E172183C}.Debug|Any CPU.Build.0 = Debug|Any CPU
		{087EE619-5A72-CCEB-47C8-5085E172183C}.Release|Any CPU.ActiveCfg = Release|Any CPU
		{087EE619-5A72-CCEB-47C8-5085E172183C}.Release|Any CPU.Build.0 = Release|Any CPU
		{5C35564E-2AFA-50C1-E7F8-B628C9F9D9D7}.Debug|Any CPU.ActiveCfg = Debug|Any CPU
		{5C35564E-2AFA-50C1-E7F8-B628C9F9D9D7}.Debug|Any CPU.Build.0 = Debug|Any CPU
		{5C35564E-2AFA-50C1-E7F8-B628C9F9D9D7}.Release|Any CPU.ActiveCfg = Release|Any CPU
		{5C35564E-2AFA-50C1-E7F8-B628C9F9D9D7}.Release|Any CPU.Build.0 = Release|Any CPU
		{BB62696D-DFCC-323E-1FF1-5A0564630391}.Debug|Any CPU.ActiveCfg = Debug|Any CPU
		{BB62696D-DFCC-323E-1FF1-5A0564630391}.Debug|Any CPU.Build.0 = Debug|Any CPU
		{BB62696D-DFCC-323E-1FF1-5A0564630391}.Release|Any CPU.ActiveCfg = Release|Any CPU
		{BB62696D-DFCC-323E-1FF1-5A0564630391}.Release|Any CPU.Build.0 = Release|Any CPU
		{57A975ED-5676-5C2E-8BF1-5AFF27201375}.Debug|Any CPU.ActiveCfg = Debug|Any CPU
		{57A975ED-5676-5C2E-8BF1-5AFF27201375}.Debug|Any CPU.Build.0 = Debug|Any CPU
		{57A975ED-5676-5C2E-8BF1-5AFF27201375}.Release|Any CPU.ActiveCfg = Release|Any CPU
		{57A975ED-5676-5C2E-8BF1-5AFF27201375}.Release|Any CPU.Build.0 = Release|Any CPU
		{10C26B26-32A4-613C-04F9-F791A0EEE62A}.Debug|Any CPU.ActiveCfg = Debug|Any CPU
		{10C26B26-32A4-613C-04F9-F791A0EEE62A}.Debug|Any CPU.Build.0 = Debug|Any CPU
		{10C26B26-32A4-613C-04F9-F791A0EEE62A}.Release|Any CPU.ActiveCfg = Release|Any CPU
		{10C26B26-32A4-613C-04F9-F791A0EEE62A}.Release|Any CPU.Build.0 = Release|Any CPU
		{696B822F-C5F0-E9BD-0B59-6774185BC742}.Debug|Any CPU.ActiveCfg = Debug|Any CPU
		{696B822F-C5F0-E9BD-0B59-6774185BC742}.Debug|Any CPU.Build.0 = Debug|Any CPU
		{696B822F-C5F0-E9BD-0B59-6774185BC742}.Release|Any CPU.ActiveCfg = Release|Any CPU
		{696B822F-C5F0-E9BD-0B59-6774185BC742}.Release|Any CPU.Build.0 = Release|Any CPU
		{9E1BDA36-9DB8-0105-BB66-B2C740A325B1}.Debug|Any CPU.ActiveCfg = Debug|Any CPU
		{9E1BDA36-9DB8-0105-BB66-B2C740A325B1}.Debug|Any CPU.Build.0 = Debug|Any CPU
		{9E1BDA36-9DB8-0105-BB66-B2C740A325B1}.Release|Any CPU.ActiveCfg = Release|Any CPU
		{9E1BDA36-9DB8-0105-BB66-B2C740A325B1}.Release|Any CPU.Build.0 = Release|Any CPU
		{AA78A2CA-3D96-BF41-271C-D3D2DD63458A}.Debug|Any CPU.ActiveCfg = Debug|Any CPU
		{AA78A2CA-3D96-BF41-271C-D3D2DD63458A}.Debug|Any CPU.Build.0 = Debug|Any CPU
		{AA78A2CA-3D96-BF41-271C-D3D2DD63458A}.Release|Any CPU.ActiveCfg = Release|Any CPU
		{AA78A2CA-3D96-BF41-271C-D3D2DD63458A}.Release|Any CPU.Build.0 = Release|Any CPU
		{9D947223-92B8-27B5-A8A6-36E055DF5857}.Debug|Any CPU.ActiveCfg = Debug|Any CPU
		{9D947223-92B8-27B5-A8A6-36E055DF5857}.Debug|Any CPU.Build.0 = Debug|Any CPU
		{9D947223-92B8-27B5-A8A6-36E055DF5857}.Release|Any CPU.ActiveCfg = Release|Any CPU
		{9D947223-92B8-27B5-A8A6-36E055DF5857}.Release|Any CPU.Build.0 = Release|Any CPU
		{13D9D020-257E-D947-CF17-0FE61097EB2A}.Debug|Any CPU.ActiveCfg = Debug|Any CPU
		{13D9D020-257E-D947-CF17-0FE61097EB2A}.Debug|Any CPU.Build.0 = Debug|Any CPU
		{13D9D020-257E-D947-CF17-0FE61097EB2A}.Release|Any CPU.ActiveCfg = Release|Any CPU
		{13D9D020-257E-D947-CF17-0FE61097EB2A}.Release|Any CPU.Build.0 = Release|Any CPU
		{327A4D8B-528B-4BC2-6726-5D71034DF0F6}.Debug|Any CPU.ActiveCfg = Debug|Any CPU
		{327A4D8B-528B-4BC2-6726-5D71034DF0F6}.Debug|Any CPU.Build.0 = Debug|Any CPU
		{327A4D8B-528B-4BC2-6726-5D71034DF0F6}.Release|Any CPU.ActiveCfg = Release|Any CPU
		{327A4D8B-528B-4BC2-6726-5D71034DF0F6}.Release|Any CPU.Build.0 = Release|Any CPU
		{711AAC41-E376-B61A-6816-C95955FA8A1F}.Debug|Any CPU.ActiveCfg = Debug|Any CPU
		{711AAC41-E376-B61A-6816-C95955FA8A1F}.Debug|Any CPU.Build.0 = Debug|Any CPU
		{711AAC41-E376-B61A-6816-C95955FA8A1F}.Release|Any CPU.ActiveCfg = Release|Any CPU
		{711AAC41-E376-B61A-6816-C95955FA8A1F}.Release|Any CPU.Build.0 = Release|Any CPU
		{B82B7D8C-1422-EF64-AD97-BA680DBB0199}.Debug|Any CPU.ActiveCfg = Debug|Any CPU
		{B82B7D8C-1422-EF64-AD97-BA680DBB0199}.Debug|Any CPU.Build.0 = Debug|Any CPU
		{B82B7D8C-1422-EF64-AD97-BA680DBB0199}.Release|Any CPU.ActiveCfg = Release|Any CPU
		{B82B7D8C-1422-EF64-AD97-BA680DBB0199}.Release|Any CPU.Build.0 = Release|Any CPU
		{4A3C9CC5-D2E8-A144-2DD3-1D430E9FBA77}.Debug|Any CPU.ActiveCfg = Debug|Any CPU
		{4A3C9CC5-D2E8-A144-2DD3-1D430E9FBA77}.Debug|Any CPU.Build.0 = Debug|Any CPU
		{4A3C9CC5-D2E8-A144-2DD3-1D430E9FBA77}.Release|Any CPU.ActiveCfg = Release|Any CPU
		{4A3C9CC5-D2E8-A144-2DD3-1D430E9FBA77}.Release|Any CPU.Build.0 = Release|Any CPU
		{EB42970E-974D-C3A6-D168-75A2C4521E38}.Debug|Any CPU.ActiveCfg = Debug|Any CPU
		{EB42970E-974D-C3A6-D168-75A2C4521E38}.Debug|Any CPU.Build.0 = Debug|Any CPU
		{EB42970E-974D-C3A6-D168-75A2C4521E38}.Release|Any CPU.ActiveCfg = Release|Any CPU
		{EB42970E-974D-C3A6-D168-75A2C4521E38}.Release|Any CPU.Build.0 = Release|Any CPU
		{2861AB67-C5F9-C087-D6A1-70E174B7AA86}.Debug|Any CPU.ActiveCfg = Debug|Any CPU
		{2861AB67-C5F9-C087-D6A1-70E174B7AA86}.Debug|Any CPU.Build.0 = Debug|Any CPU
		{2861AB67-C5F9-C087-D6A1-70E174B7AA86}.Release|Any CPU.ActiveCfg = Release|Any CPU
		{2861AB67-C5F9-C087-D6A1-70E174B7AA86}.Release|Any CPU.Build.0 = Release|Any CPU
		{04771258-0BDA-E598-8D62-13D1E723E5A4}.Debug|Any CPU.ActiveCfg = Debug|Any CPU
		{04771258-0BDA-E598-8D62-13D1E723E5A4}.Debug|Any CPU.Build.0 = Debug|Any CPU
		{04771258-0BDA-E598-8D62-13D1E723E5A4}.Release|Any CPU.ActiveCfg = Release|Any CPU
		{04771258-0BDA-E598-8D62-13D1E723E5A4}.Release|Any CPU.Build.0 = Release|Any CPU
		{BEA95A01-0F4F-4ED3-8EAC-F115A790C7B3}.Debug|Any CPU.ActiveCfg = Debug|Any CPU
		{BEA95A01-0F4F-4ED3-8EAC-F115A790C7B3}.Debug|Any CPU.Build.0 = Debug|Any CPU
		{BEA95A01-0F4F-4ED3-8EAC-F115A790C7B3}.Release|Any CPU.ActiveCfg = Release|Any CPU
		{BEA95A01-0F4F-4ED3-8EAC-F115A790C7B3}.Release|Any CPU.Build.0 = Release|Any CPU
		{2F713D90-2A61-ADF5-6355-1B6FB63D0C0B}.Debug|Any CPU.ActiveCfg = Debug|Any CPU
		{2F713D90-2A61-ADF5-6355-1B6FB63D0C0B}.Debug|Any CPU.Build.0 = Debug|Any CPU
		{2F713D90-2A61-ADF5-6355-1B6FB63D0C0B}.Release|Any CPU.ActiveCfg = Release|Any CPU
		{2F713D90-2A61-ADF5-6355-1B6FB63D0C0B}.Release|Any CPU.Build.0 = Release|Any CPU
		{D912A549-C58E-3D37-DDB9-B285AE9F97D6}.Debug|Any CPU.ActiveCfg = Debug|Any CPU
		{D912A549-C58E-3D37-DDB9-B285AE9F97D6}.Debug|Any CPU.Build.0 = Debug|Any CPU
		{D912A549-C58E-3D37-DDB9-B285AE9F97D6}.Release|Any CPU.ActiveCfg = Release|Any CPU
		{D912A549-C58E-3D37-DDB9-B285AE9F97D6}.Release|Any CPU.Build.0 = Release|Any CPU
		{2EC8A827-D004-6DCC-22A4-31384DDD817E}.Debug|Any CPU.ActiveCfg = Debug|Any CPU
		{2EC8A827-D004-6DCC-22A4-31384DDD817E}.Debug|Any CPU.Build.0 = Debug|Any CPU
		{2EC8A827-D004-6DCC-22A4-31384DDD817E}.Release|Any CPU.ActiveCfg = Release|Any CPU
		{2EC8A827-D004-6DCC-22A4-31384DDD817E}.Release|Any CPU.Build.0 = Release|Any CPU
		{95BBCBF5-E4B8-F8E3-856F-AF7C095D9BD1}.Debug|Any CPU.ActiveCfg = Debug|Any CPU
		{95BBCBF5-E4B8-F8E3-856F-AF7C095D9BD1}.Debug|Any CPU.Build.0 = Debug|Any CPU
		{95BBCBF5-E4B8-F8E3-856F-AF7C095D9BD1}.Release|Any CPU.ActiveCfg = Release|Any CPU
		{95BBCBF5-E4B8-F8E3-856F-AF7C095D9BD1}.Release|Any CPU.Build.0 = Release|Any CPU
		{515FF251-664C-552B-2864-E8CC52FDA06C}.Debug|Any CPU.ActiveCfg = Debug|Any CPU
		{515FF251-664C-552B-2864-E8CC52FDA06C}.Debug|Any CPU.Build.0 = Debug|Any CPU
		{515FF251-664C-552B-2864-E8CC52FDA06C}.Release|Any CPU.ActiveCfg = Release|Any CPU
		{515FF251-664C-552B-2864-E8CC52FDA06C}.Release|Any CPU.Build.0 = Release|Any CPU
		{DB61B5AF-5648-2F24-E9FC-FABFC17330E3}.Debug|Any CPU.ActiveCfg = Debug|Any CPU
		{DB61B5AF-5648-2F24-E9FC-FABFC17330E3}.Debug|Any CPU.Build.0 = Debug|Any CPU
		{DB61B5AF-5648-2F24-E9FC-FABFC17330E3}.Release|Any CPU.ActiveCfg = Release|Any CPU
		{DB61B5AF-5648-2F24-E9FC-FABFC17330E3}.Release|Any CPU.Build.0 = Release|Any CPU
		{BB2327C8-FA83-9A79-2CA7-24733455C780}.Debug|Any CPU.ActiveCfg = Debug|Any CPU
		{BB2327C8-FA83-9A79-2CA7-24733455C780}.Debug|Any CPU.Build.0 = Debug|Any CPU
		{BB2327C8-FA83-9A79-2CA7-24733455C780}.Release|Any CPU.ActiveCfg = Release|Any CPU
		{BB2327C8-FA83-9A79-2CA7-24733455C780}.Release|Any CPU.Build.0 = Release|Any CPU
		{E05489EA-8815-4FC3-BA37-B955B50B3EAD}.Debug|Any CPU.ActiveCfg = Debug|Any CPU
		{E05489EA-8815-4FC3-BA37-B955B50B3EAD}.Debug|Any CPU.Build.0 = Debug|Any CPU
		{E05489EA-8815-4FC3-BA37-B955B50B3EAD}.Release|Any CPU.ActiveCfg = Release|Any CPU
		{E05489EA-8815-4FC3-BA37-B955B50B3EAD}.Release|Any CPU.Build.0 = Release|Any CPU
		{7EBFB572-C687-C63B-CA1C-3FF8B057A5CA}.Debug|Any CPU.ActiveCfg = Debug|Any CPU
		{7EBFB572-C687-C63B-CA1C-3FF8B057A5CA}.Debug|Any CPU.Build.0 = Debug|Any CPU
		{7EBFB572-C687-C63B-CA1C-3FF8B057A5CA}.Release|Any CPU.ActiveCfg = Release|Any CPU
		{7EBFB572-C687-C63B-CA1C-3FF8B057A5CA}.Release|Any CPU.Build.0 = Release|Any CPU
		{32BAA695-DB4A-887D-5581-5DADF91FC0D0}.Debug|Any CPU.ActiveCfg = Debug|Any CPU
		{32BAA695-DB4A-887D-5581-5DADF91FC0D0}.Debug|Any CPU.Build.0 = Debug|Any CPU
		{32BAA695-DB4A-887D-5581-5DADF91FC0D0}.Release|Any CPU.ActiveCfg = Release|Any CPU
		{32BAA695-DB4A-887D-5581-5DADF91FC0D0}.Release|Any CPU.Build.0 = Release|Any CPU
		{9EE076FE-7712-AC9F-EA47-F5B3DA8FFD17}.Debug|Any CPU.ActiveCfg = Debug|Any CPU
		{9EE076FE-7712-AC9F-EA47-F5B3DA8FFD17}.Debug|Any CPU.Build.0 = Debug|Any CPU
		{9EE076FE-7712-AC9F-EA47-F5B3DA8FFD17}.Release|Any CPU.ActiveCfg = Release|Any CPU
		{9EE076FE-7712-AC9F-EA47-F5B3DA8FFD17}.Release|Any CPU.Build.0 = Release|Any CPU
		{72F26FE8-1ACC-3DCF-55D6-372B068AD209}.Debug|Any CPU.ActiveCfg = Debug|Any CPU
		{72F26FE8-1ACC-3DCF-55D6-372B068AD209}.Debug|Any CPU.Build.0 = Debug|Any CPU
		{72F26FE8-1ACC-3DCF-55D6-372B068AD209}.Release|Any CPU.ActiveCfg = Release|Any CPU
		{72F26FE8-1ACC-3DCF-55D6-372B068AD209}.Release|Any CPU.Build.0 = Release|Any CPU
		{0817DC7A-C345-70B8-BBF9-5C15314AC670}.Debug|Any CPU.ActiveCfg = Debug|Any CPU
		{0817DC7A-C345-70B8-BBF9-5C15314AC670}.Debug|Any CPU.Build.0 = Debug|Any CPU
		{0817DC7A-C345-70B8-BBF9-5C15314AC670}.Release|Any CPU.ActiveCfg = Release|Any CPU
		{0817DC7A-C345-70B8-BBF9-5C15314AC670}.Release|Any CPU.Build.0 = Release|Any CPU
		{A49C0049-B448-E478-1CDF-43EEB7F58F48}.Debug|Any CPU.ActiveCfg = Debug|Any CPU
		{A49C0049-B448-E478-1CDF-43EEB7F58F48}.Debug|Any CPU.Build.0 = Debug|Any CPU
		{A49C0049-B448-E478-1CDF-43EEB7F58F48}.Release|Any CPU.ActiveCfg = Release|Any CPU
		{A49C0049-B448-E478-1CDF-43EEB7F58F48}.Release|Any CPU.Build.0 = Release|Any CPU
		{9BBACDCE-F230-464E-5971-B388DF8D2DE4}.Debug|Any CPU.ActiveCfg = Debug|Any CPU
		{9BBACDCE-F230-464E-5971-B388DF8D2DE4}.Debug|Any CPU.Build.0 = Debug|Any CPU
		{9BBACDCE-F230-464E-5971-B388DF8D2DE4}.Release|Any CPU.ActiveCfg = Release|Any CPU
		{9BBACDCE-F230-464E-5971-B388DF8D2DE4}.Release|Any CPU.Build.0 = Release|Any CPU
		{12C02427-9D5F-7110-AD7E-1593DE02A72C}.Debug|Any CPU.ActiveCfg = Debug|Any CPU
		{12C02427-9D5F-7110-AD7E-1593DE02A72C}.Debug|Any CPU.Build.0 = Debug|Any CPU
		{12C02427-9D5F-7110-AD7E-1593DE02A72C}.Release|Any CPU.ActiveCfg = Release|Any CPU
		{12C02427-9D5F-7110-AD7E-1593DE02A72C}.Release|Any CPU.Build.0 = Release|Any CPU
		{2A0B60DC-B50E-E125-49B9-0A8C33E8DCA3}.Debug|Any CPU.ActiveCfg = Debug|Any CPU
		{2A0B60DC-B50E-E125-49B9-0A8C33E8DCA3}.Debug|Any CPU.Build.0 = Debug|Any CPU
		{2A0B60DC-B50E-E125-49B9-0A8C33E8DCA3}.Release|Any CPU.ActiveCfg = Release|Any CPU
		{2A0B60DC-B50E-E125-49B9-0A8C33E8DCA3}.Release|Any CPU.Build.0 = Release|Any CPU
	EndGlobalSection
	GlobalSection(SolutionProperties) = preSolution
		HideSolutionNode = FALSE
	EndGlobalSection
EndGlobal
